// !$*UTF8*$!
{
	archiveVersion = 1;
	classes = {
	};
	objectVersion = 50;
	objects = {

/* Begin PBXBuildFile section */
		A7369B9120C4D75600BF22E9 /* AppDelegate.swift in Sources */ = {isa = PBXBuildFile; fileRef = A7369B9020C4D75600BF22E9 /* AppDelegate.swift */; };
		A7369B9320C4D75600BF22E9 /* ViewController.swift in Sources */ = {isa = PBXBuildFile; fileRef = A7369B9220C4D75600BF22E9 /* ViewController.swift */; };
		A7369B9620C4D75600BF22E9 /* Main.storyboard in Resources */ = {isa = PBXBuildFile; fileRef = A7369B9420C4D75600BF22E9 /* Main.storyboard */; };
		A7369B9820C4D75800BF22E9 /* Assets.xcassets in Resources */ = {isa = PBXBuildFile; fileRef = A7369B9720C4D75800BF22E9 /* Assets.xcassets */; };
		A7369B9B20C4D75800BF22E9 /* LaunchScreen.storyboard in Resources */ = {isa = PBXBuildFile; fileRef = A7369B9920C4D75800BF22E9 /* LaunchScreen.storyboard */; };
		A7369BA520C4DEF200BF22E9 /* SecondViewController.swift in Sources */ = {isa = PBXBuildFile; fileRef = A7369BA420C4DEF200BF22E9 /* SecondViewController.swift */; };
		A7369BA720C4DF4F00BF22E9 /* ThirdViewController.swift in Sources */ = {isa = PBXBuildFile; fileRef = A7369BA620C4DF4F00BF22E9 /* ThirdViewController.swift */; };
/* End PBXBuildFile section */

/* Begin PBXFileReference section */
		A7369B8D20C4D75600BF22E9 /* Class0604.app */ = {isa = PBXFileReference; explicitFileType = wrapper.application; includeInIndex = 0; path = Class0604.app; sourceTree = BUILT_PRODUCTS_DIR; };
		A7369B9020C4D75600BF22E9 /* AppDelegate.swift */ = {isa = PBXFileReference; lastKnownFileType = sourcecode.swift; path = AppDelegate.swift; sourceTree = "<group>"; };
		A7369B9220C4D75600BF22E9 /* ViewController.swift */ = {isa = PBXFileReference; lastKnownFileType = sourcecode.swift; path = ViewController.swift; sourceTree = "<group>"; };
		A7369B9520C4D75600BF22E9 /* Base */ = {isa = PBXFileReference; lastKnownFileType = file.storyboard; name = Base; path = Base.lproj/Main.storyboard; sourceTree = "<group>"; };
		A7369B9720C4D75800BF22E9 /* Assets.xcassets */ = {isa = PBXFileReference; lastKnownFileType = folder.assetcatalog; path = Assets.xcassets; sourceTree = "<group>"; };
		A7369B9A20C4D75800BF22E9 /* Base */ = {isa = PBXFileReference; lastKnownFileType = file.storyboard; name = Base; path = Base.lproj/LaunchScreen.storyboard; sourceTree = "<group>"; };
		A7369B9C20C4D75800BF22E9 /* Info.plist */ = {isa = PBXFileReference; lastKnownFileType = text.plist.xml; path = Info.plist; sourceTree = "<group>"; };
		A7369BA420C4DEF200BF22E9 /* SecondViewController.swift */ = {isa = PBXFileReference; lastKnownFileType = sourcecode.swift; path = SecondViewController.swift; sourceTree = "<group>"; };
		A7369BA620C4DF4F00BF22E9 /* ThirdViewController.swift */ = {isa = PBXFileReference; lastKnownFileType = sourcecode.swift; path = ThirdViewController.swift; sourceTree = "<group>"; };
/* End PBXFileReference section */

/* Begin PBXFrameworksBuildPhase section */
		A7369B8A20C4D75600BF22E9 /* Frameworks */ = {
			isa = PBXFrameworksBuildPhase;
			buildActionMask = 2147483647;
			files = (
			);
			runOnlyForDeploymentPostprocessing = 0;
		};
/* End PBXFrameworksBuildPhase section */

/* Begin PBXGroup section */
		A7369B8420C4D75600BF22E9 = {
			isa = PBXGroup;
			children = (
				A7369B8F20C4D75600BF22E9 /* Class0604 */,
				A7369B8E20C4D75600BF22E9 /* Products */,
			);
			sourceTree = "<group>";
		};
		A7369B8E20C4D75600BF22E9 /* Products */ = {
			isa = PBXGroup;
			children = (
				A7369B8D20C4D75600BF22E9 /* Class0604.app */,
			);
			name = Products;
			sourceTree = "<group>";
		};
		A7369B8F20C4D75600BF22E9 /* Class0604 */ = {
			isa = PBXGroup;
			children = (
				A7369B9020C4D75600BF22E9 /* AppDelegate.swift */,
				A7369B9220C4D75600BF22E9 /* ViewController.swift */,
				A7369BA420C4DEF200BF22E9 /* SecondViewController.swift */,
				A7369BA620C4DF4F00BF22E9 /* ThirdViewController.swift */,
				A7369B9420C4D75600BF22E9 /* Main.storyboard */,
				A7369B9720C4D75800BF22E9 /* Assets.xcassets */,
				A7369B9920C4D75800BF22E9 /* LaunchScreen.storyboard */,
				A7369B9C20C4D75800BF22E9 /* Info.plist */,
			);
			path = Class0604;
			sourceTree = "<group>";
		};
/* End PBXGroup section */

/* Begin PBXNativeTarget section */
		A7369B8C20C4D75600BF22E9 /* Class0604 */ = {
			isa = PBXNativeTarget;
			buildConfigurationList = A7369B9F20C4D75800BF22E9 /* Build configuration list for PBXNativeTarget "Class0604" */;
			buildPhases = (
				A7369B8920C4D75600BF22E9 /* Sources */,
				A7369B8A20C4D75600BF22E9 /* Frameworks */,
				A7369B8B20C4D75600BF22E9 /* Resources */,
			);
			buildRules = (
			);
			dependencies = (
			);
			name = Class0604;
			productName = Class0604;
			productReference = A7369B8D20C4D75600BF22E9 /* Class0604.app */;
			productType = "com.apple.product-type.application";
		};
/* End PBXNativeTarget section */

/* Begin PBXProject section */
		A7369B8520C4D75600BF22E9 /* Project object */ = {
			isa = PBXProject;
			attributes = {
				LastSwiftUpdateCheck = 0940;
				LastUpgradeCheck = 0940;
				ORGANIZATIONNAME = kimdaeman14;
				TargetAttributes = {
					A7369B8C20C4D75600BF22E9 = {
						CreatedOnToolsVersion = 9.4;
					};
				};
			};
			buildConfigurationList = A7369B8820C4D75600BF22E9 /* Build configuration list for PBXProject "Class0604" */;
			compatibilityVersion = "Xcode 9.3";
			developmentRegion = en;
			hasScannedForEncodings = 0;
			knownRegions = (
				en,
				Base,
			);
			mainGroup = A7369B8420C4D75600BF22E9;
			productRefGroup = A7369B8E20C4D75600BF22E9 /* Products */;
			projectDirPath = "";
			projectRoot = "";
			targets = (
				A7369B8C20C4D75600BF22E9 /* Class0604 */,
			);
		};
/* End PBXProject section */

/* Begin PBXResourcesBuildPhase section */
		A7369B8B20C4D75600BF22E9 /* Resources */ = {
			isa = PBXResourcesBuildPhase;
			buildActionMask = 2147483647;
			files = (
				A7369B9B20C4D75800BF22E9 /* LaunchScreen.storyboard in Resources */,
				A7369B9820C4D75800BF22E9 /* Assets.xcassets in Resources */,
				A7369B9620C4D75600BF22E9 /* Main.storyboard in Resources */,
			);
			runOnlyForDeploymentPostprocessing = 0;
		};
/* End PBXResourcesBuildPhase section */

/* Begin PBXSourcesBuildPhase section */
		A7369B8920C4D75600BF22E9 /* Sources */ = {
			isa = PBXSourcesBuildPhase;
			buildActionMask = 2147483647;
			files = (
				A7369BA520C4DEF200BF22E9 /* SecondViewController.swift in Sources */,
				A7369B9320C4D75600BF22E9 /* ViewController.swift in Sources */,
				A7369BA720C4DF4F00BF22E9 /* ThirdViewController.swift in Sources */,
				A7369B9120C4D75600BF22E9 /* AppDelegate.swift in Sources */,
			);
			runOnlyForDeploymentPostprocessing = 0;
		};
/* End PBXSourcesBuildPhase section */

/* Begin PBXVariantGroup section */
		A7369B9420C4D75600BF22E9 /* Main.storyboard */ = {
			isa = PBXVariantGroup;
			children = (
				A7369B9520C4D75600BF22E9 /* Base */,
			);
			name = Main.storyboard;
			sourceTree = "<group>";
		};
		A7369B9920C4D75800BF22E9 /* LaunchScreen.storyboard */ = {
			isa = PBXVariantGroup;
			children = (
				A7369B9A20C4D75800BF22E9 /* Base */,
			);
			name = LaunchScreen.storyboard;
			sourceTree = "<group>";
		};
/* End PBXVariantGroup section */

/* Begin XCBuildConfiguration section */
		A7369B9D20C4D75800BF22E9 /* Debug */ = {
			isa = XCBuildConfiguration;
			buildSettings = {
				ALWAYS_SEARCH_USER_PATHS = NO;
				CLANG_ANALYZER_NONNULL = YES;
				CLANG_ANALYZER_NUMBER_OBJECT_CONVERSION = YES_AGGRESSIVE;
				CLANG_CXX_LANGUAGE_STANDARD = "gnu++14";
				CLANG_CXX_LIBRARY = "libc++";
				CLANG_ENABLE_MODULES = YES;
				CLANG_ENABLE_OBJC_ARC = YES;
				CLANG_ENABLE_OBJC_WEAK = YES;
				CLANG_WARN_BLOCK_CAPTURE_AUTORELEASING = YES;
				CLANG_WARN_BOOL_CONVERSION = YES;
				CLANG_WARN_COMMA = YES;
				CLANG_WARN_CONSTANT_CONVERSION = YES;
				CLANG_WARN_DEPRECATED_OBJC_IMPLEMENTATIONS = YES;
				CLANG_WARN_DIRECT_OBJC_ISA_USAGE = YES_ERROR;
				CLANG_WARN_DOCUMENTATION_COMMENTS = YES;
				CLANG_WARN_EMPTY_BODY = YES;
				CLANG_WARN_ENUM_CONVERSION = YES;
				CLANG_WARN_INFINITE_RECURSION = YES;
				CLANG_WARN_INT_CONVERSION = YES;
				CLANG_WARN_NON_LITERAL_NULL_CONVERSION = YES;
				CLANG_WARN_OBJC_IMPLICIT_RETAIN_SELF = YES;
				CLANG_WARN_OBJC_LITERAL_CONVERSION = YES;
				CLANG_WARN_OBJC_ROOT_CLASS = YES_ERROR;
				CLANG_WARN_RANGE_LOOP_ANALYSIS = YES;
				CLANG_WARN_STRICT_PROTOTYPES = YES;
				CLANG_WARN_SUSPICIOUS_MOVE = YES;
				CLANG_WARN_UNGUARDED_AVAILABILITY = YES_AGGRESSIVE;
				CLANG_WARN_UNREACHABLE_CODE = YES;
				CLANG_WARN__DUPLICATE_METHOD_MATCH = YES;
				CODE_SIGN_IDENTITY = "iPhone Developer";
				COPY_PHASE_STRIP = NO;
				DEBUG_INFORMATION_FORMAT = dwarf;
				ENABLE_STRICT_OBJC_MSGSEND = YES;
				ENABLE_TESTABILITY = YES;
				GCC_C_LANGUAGE_STANDARD = gnu11;
				GCC_DYNAMIC_NO_PIC = NO;
				GCC_NO_COMMON_BLOCKS = YES;
				GCC_OPTIMIZATION_LEVEL = 0;
				GCC_PREPROCESSOR_DEFINITIONS = (
					"DEBUG=1",
					"$(inherited)",
				);
				GCC_WARN_64_TO_32_BIT_CONVERSION = YES;
				GCC_WARN_ABOUT_RETURN_TYPE = YES_ERROR;
				GCC_WARN_UNDECLARED_SELECTOR = YES;
				GCC_WARN_UNINITIALIZED_AUTOS = YES_AGGRESSIVE;
				GCC_WARN_UNUSED_FUNCTION = YES;
				GCC_WARN_UNUSED_VARIABLE = YES;
				IPHONEOS_DEPLOYMENT_TARGET = 11.4;
				MTL_ENABLE_DEBUG_INFO = YES;
				ONLY_ACTIVE_ARCH = YES;
				SDKROOT = iphoneos;
				SWIFT_ACTIVE_COMPILATION_CONDITIONS = DEBUG;
				SWIFT_OPTIMIZATION_LEVEL = "-Onone";
			};
			name = Debug;
		};
		A7369B9E20C4D75800BF22E9 /* Release */ = {
			isa = XCBuildConfiguration;
			buildSettings = {
				ALWAYS_SEARCH_USER_PATHS = NO;
				CLANG_ANALYZER_NONNULL = YES;
				CLANG_ANALYZER_NUMBER_OBJECT_CONVERSION = YES_AGGRESSIVE;
				CLANG_CXX_LANGUAGE_STANDARD = "gnu++14";
				CLANG_CXX_LIBRARY = "libc++";
				CLANG_ENABLE_MODULES = YES;
				CLANG_ENABLE_OBJC_ARC = YES;
				CLANG_ENABLE_OBJC_WEAK = YES;
				CLANG_WARN_BLOCK_CAPTURE_AUTORELEASING = YES;
				CLANG_WARN_BOOL_CONVERSION = YES;
				CLANG_WARN_COMMA = YES;
				CLANG_WARN_CONSTANT_CONVERSION = YES;
				CLANG_WARN_DEPRECATED_OBJC_IMPLEMENTATIONS = YES;
				CLANG_WARN_DIRECT_OBJC_ISA_USAGE = YES_ERROR;
				CLANG_WARN_DOCUMENTATION_COMMENTS = YES;
				CLANG_WARN_EMPTY_BODY = YES;
				CLANG_WARN_ENUM_CONVERSION = YES;
				CLANG_WARN_INFINITE_RECURSION = YES;
				CLANG_WARN_INT_CONVERSION = YES;
				CLANG_WARN_NON_LITERAL_NULL_CONVERSION = YES;
				CLANG_WARN_OBJC_IMPLICIT_RETAIN_SELF = YES;
				CLANG_WARN_OBJC_LITERAL_CONVERSION = YES;
				CLANG_WARN_OBJC_ROOT_CLASS = YES_ERROR;
				CLANG_WARN_RANGE_LOOP_ANALYSIS = YES;
				CLANG_WARN_STRICT_PROTOTYPES = YES;
				CLANG_WARN_SUSPICIOUS_MOVE = YES;
				CLANG_WARN_UNGUARDED_AVAILABILITY = YES_AGGRESSIVE;
				CLANG_WARN_UNREACHABLE_CODE = YES;
				CLANG_WARN__DUPLICATE_METHOD_MATCH = YES;
				CODE_SIGN_IDENTITY = "iPhone Developer";
				COPY_PHASE_STRIP = NO;
				DEBUG_INFORMATION_FORMAT = "dwarf-with-dsym";
				ENABLE_NS_ASSERTIONS = NO;
				ENABLE_STRICT_OBJC_MSGSEND = YES;
				GCC_C_LANGUAGE_STANDARD = gnu11;
				GCC_NO_COMMON_BLOCKS = YES;
				GCC_WARN_64_TO_32_BIT_CONVERSION = YES;
				GCC_WARN_ABOUT_RETURN_TYPE = YES_ERROR;
				GCC_WARN_UNDECLARED_SELECTOR = YES;
				GCC_WARN_UNINITIALIZED_AUTOS = YES_AGGRESSIVE;
				GCC_WARN_UNUSED_FUNCTION = YES;
				GCC_WARN_UNUSED_VARIABLE = YES;
				IPHONEOS_DEPLOYMENT_TARGET = 11.4;
				MTL_ENABLE_DEBUG_INFO = NO;
				SDKROOT = iphoneos;
				SWIFT_COMPILATION_MODE = wholemodule;
				SWIFT_OPTIMIZATION_LEVEL = "-O";
				VALIDATE_PRODUCT = YES;
			};
			name = Release;
		};
		A7369BA020C4D75800BF22E9 /* Debug */ = {
			isa = XCBuildConfiguration;
			buildSettings = {
				ASSETCATALOG_COMPILER_APPICON_NAME = AppIcon;
				CODE_SIGN_STYLE = Automatic;
				INFOPLIST_FILE = Class0604/Info.plist;
				LD_RUNPATH_SEARCH_PATHS = (
					"$(inherited)",
					"@executable_path/Frameworks",
				);
				PRODUCT_BUNDLE_IDENTIFIER = kr.kimdaeman14.example.Class0604;
				PRODUCT_NAME = "$(TARGET_NAME)";
				SWIFT_VERSION = 4.0;
				TARGETED_DEVICE_FAMILY = "1,2";
			};
			name = Debug;
		};
		A7369BA120C4D75800BF22E9 /* Release */ = {
			isa = XCBuildConfiguration;
			buildSettings = {
				ASSETCATALOG_COMPILER_APPICON_NAME = AppIcon;
				CODE_SIGN_STYLE = Automatic;
				INFOPLIST_FILE = Class0604/Info.plist;
				LD_RUNPATH_SEARCH_PATHS = (
					"$(inherited)",
					"@executable_path/Frameworks",
				);
				PRODUCT_BUNDLE_IDENTIFIER = kr.kimdaeman14.example.Class0604;
				PRODUCT_NAME = "$(TARGET_NAME)";
				SWIFT_VERSION = 4.0;
				TARGETED_DEVICE_FAMILY = "1,2";
			};
			name = Release;
		};
/* End XCBuildConfiguration section */

/* Begin XCConfigurationList section */
		A7369B8820C4D75600BF22E9 /* Build configuration list for PBXProject "Class0604" */ = {
			isa = XCConfigurationList;
			buildConfigurations = (
				A7369B9D20C4D75800BF22E9 /* Debug */,
				A7369B9E20C4D75800BF22E9 /* Release */,
			);
			defaultConfigurationIsVisible = 0;
			defaultConfigurationName = Release;
		};
		A7369B9F20C4D75800BF22E9 /* Build configuration list for PBXNativeTarget "Class0604" */ = {
			isa = XCConfigurationList;
			buildConfigurations = (
				A7369BA020C4D75800BF22E9 /* Debug */,
				A7369BA120C4D75800BF22E9 /* Release */,
			);
			defaultConfigurationIsVisible = 0;
			defaultConfigurationName = Release;
		};
/* End XCConfigurationList section */
	};
	rootObject = A7369B8520C4D75600BF22E9 /* Project object */;
}
